# Generated by buf. DO NOT EDIT.
version: v1
deps:
  - remote: buf.build
    owner: bufbuild
    repository: protovalidate
    commit: 80ab13bee0bf4272b6161a72bf7034e0
    digest: shake256:2d64e8ff856e1bf78a1289c24e868bdbe1ee2196f32b10bfe6ad8a743c7db99ba4be1a75c21d9f865ffa28464e11d339365b0f7937c75f7b308b3d5993cefd25
